
Microsoft Visual Studio Solution File, Format Version 11.00
# Visual Studio 2010
Project("{8BC9CEB8-8B4A-11D0-8D11-00A0C91BC942}") = "Smaple", "Smaple\Smaple.vcxproj", "{742C7DF5-2B6B-44EE-AD3D-CEAAC6E82DEF}"
EndProject
Global
	GlobalSection(SolutionConfigurationPlatforms) = preSolution
		Debug|Win32 = Debug|Win32
		Release|Win32 = Release|Win32
	EndGlobalSection
	GlobalSection(ProjectConfigurationPlatforms) = postSolution
		{742C7DF5-2B6B-44EE-AD3D-CEAAC6E82DEF}.Debug|Win32.ActiveCfg = Debug|Win32
		{742C7DF5-2B6B-44EE-AD3D-CEAAC6E82DEF}.Debug|Win32.Build.0 = Debug|Win32
		{742C7DF5-2B6B-44EE-AD3D-CEAAC6E82DEF}.Release|Win32.ActiveCfg = Release|Win32
		{742C7DF5-2B6B-44EE-AD3D-CEAAC6E82DEF}.Release|Win32.Build.0 = Release|Win32
	EndGlobalSection
	GlobalSection(SolutionProperties) = preSolution
		HideSolutionNode = FALSE
	EndGlobalSection
EndGlobal
